
Microsoft Visual Studio Solution File, Format Version 12.00
# Visual Studio Version 17
VisualStudioVersion = 17.4.33110.190
MinimumVisualStudioVersion = 10.0.40219.1
Project("{9A19103F-16F7-4668-BE54-9A1E7A4F7556}") = "MvcWebUI", "MvcWebUI\MvcWebUI.csproj", "{A0826DF5-A025-4925-8C31-B5772A815A1F}"
EndProject
Project("{9A19103F-16F7-4668-BE54-9A1E7A4F7556}") = "AppCore", "AppCore\AppCore.csproj", "{8393B0D0-2D6A-4144-B6BF-E884EAFF3801}"
EndProject
Project("{9A19103F-16F7-4668-BE54-9A1E7A4F7556}") = "DataAccess", "DataAccess\DataAccess.csproj", "{5F221352-0B05-483F-BEC8-FC6C17EFDCA6}"
EndProject
Project("{FAE04EC0-301F-11D3-BF4B-00C04F79EFBC}") = "Business", "Business\Business.csproj", "{2808A750-1B90-490B-AEC9-B722CC992B67}"
EndProject
Global
	GlobalSection(SolutionConfigurationPlatforms) = preSolution
		Debug|Any CPU = Debug|Any CPU
		Release|Any CPU = Release|Any CPU
	EndGlobalSection
	GlobalSection(ProjectConfigurationPlatforms) = postSolution
		{A0826DF5-A025-4925-8C31-B5772A815A1F}.Debug|Any CPU.ActiveCfg = Debug|Any CPU
		{A0826DF5-A025-4925-8C31-B5772A815A1F}.Debug|Any CPU.Build.0 = Debug|Any CPU
		{A0826DF5-A025-4925-8C31-B5772A815A1F}.Release|Any CPU.ActiveCfg = Release|Any CPU
		{A0826DF5-A025-4925-8C31-B5772A815A1F}.Release|Any CPU.Build.0 = Release|Any CPU
		{8393B0D0-2D6A-4144-B6BF-E884EAFF3801}.Debug|Any CPU.ActiveCfg = Debug|Any CPU
		{8393B0D0-2D6A-4144-B6BF-E884EAFF3801}.Debug|Any CPU.Build.0 = Debug|Any CPU
		{8393B0D0-2D6A-4144-B6BF-E884EAFF3801}.Release|Any CPU.ActiveCfg = Release|Any CPU
		{8393B0D0-2D6A-4144-B6BF-E884EAFF3801}.Release|Any CPU.Build.0 = Release|Any CPU
		{5F221352-0B05-483F-BEC8-FC6C17EFDCA6}.Debug|Any CPU.ActiveCfg = Debug|Any CPU
		{5F221352-0B05-483F-BEC8-FC6C17EFDCA6}.Debug|Any CPU.Build.0 = Debug|Any CPU
		{5F221352-0B05-483F-BEC8-FC6C17EFDCA6}.Release|Any CPU.ActiveCfg = Release|Any CPU
		{5F221352-0B05-483F-BEC8-FC6C17EFDCA6}.Release|Any CPU.Build.0 = Release|Any CPU
		{2808A750-1B90-490B-AEC9-B722CC992B67}.Debug|Any CPU.ActiveCfg = Debug|Any CPU
		{2808A750-1B90-490B-AEC9-B722CC992B67}.Debug|Any CPU.Build.0 = Debug|Any CPU
		{2808A750-1B90-490B-AEC9-B722CC992B67}.Release|Any CPU.ActiveCfg = Release|Any CPU
		{2808A750-1B90-490B-AEC9-B722CC992B67}.Release|Any CPU.Build.0 = Release|Any CPU
	EndGlobalSection
	GlobalSection(SolutionProperties) = preSolution
		HideSolutionNode = FALSE
	EndGlobalSection
	GlobalSection(ExtensibilityGlobals) = postSolution
		SolutionGuid = {89D8D33C-C8B4-461B-AE0B-F13401A5694A}
	EndGlobalSection
EndGlobal
